
Microsoft Visual Studio Solution File, Format Version 12.00
# Visual Studio 15
VisualStudioVersion = 15.0.28307.329
MinimumVisualStudioVersion = 10.0.40219.1
Project("{FAE04EC0-301F-11D3-BF4B-00C04F79EFBC}") = "Pay", "Pay\Pay.csproj", "{A51EEA89-16BF-4164-A1B1-B97C92AC87F4}"
EndProject
Global
	GlobalSection(SolutionConfigurationPlatforms) = preSolution
		Debug|Any CPU = Debug|Any CPU
		Release|Any CPU = Release|Any CPU
	EndGlobalSection
	GlobalSection(ProjectConfigurationPlatforms) = postSolution
		{A51EEA89-16BF-4164-A1B1-B97C92AC87F4}.Debug|Any CPU.ActiveCfg = Debug|Any CPU
		{A51EEA89-16BF-4164-A1B1-B97C92AC87F4}.Debug|Any CPU.Build.0 = Debug|Any CPU
		{A51EEA89-16BF-4164-A1B1-B97C92AC87F4}.Release|Any CPU.ActiveCfg = Release|Any CPU
		{A51EEA89-16BF-4164-A1B1-B97C92AC87F4}.Release|Any CPU.Build.0 = Release|Any CPU
	EndGlobalSection
	GlobalSection(SolutionProperties) = preSolution
		HideSolutionNode = FALSE
	EndGlobalSection
	GlobalSection(ExtensibilityGlobals) = postSolution
		SolutionGuid = {61B5BA70-38AB-41CF-AEDD-6D3C743D290C}
	EndGlobalSection
EndGlobal
